
Microsoft Visual Studio Solution File, Format Version 12.00
# Visual Studio 15
VisualStudioVersion = 15.0.27703.2042
MinimumVisualStudioVersion = 10.0.40219.1
Project("{8BC9CEB8-8B4A-11D0-8D11-00A0C91BC942}") = "BankingSystem_Ver01", "BankingSystem_Ver01\BankingSystem_Ver01.vcxproj", "{DD662EEB-E1F0-429A-9AAA-DE9511336A71}"
EndProject
Global
	GlobalSection(SolutionConfigurationPlatforms) = preSolution
		Debug|x64 = Debug|x64
		Debug|x86 = Debug|x86
		Release|x64 = Release|x64
		Release|x86 = Release|x86
	EndGlobalSection
	GlobalSection(ProjectConfigurationPlatforms) = postSolution
		{DD662EEB-E1F0-429A-9AAA-DE9511336A71}.Debug|x64.ActiveCfg = Debug|x64
		{DD662EEB-E1F0-429A-9AAA-DE9511336A71}.Debug|x64.Build.0 = Debug|x64
		{DD662EEB-E1F0-429A-9AAA-DE9511336A71}.Debug|x86.ActiveCfg = Debug|Win32
		{DD662EEB-E1F0-429A-9AAA-DE9511336A71}.Debug|x86.Build.0 = Debug|Win32
		{DD662EEB-E1F0-429A-9AAA-DE9511336A71}.Release|x64.ActiveCfg = Release|x64
		{DD662EEB-E1F0-429A-9AAA-DE9511336A71}.Release|x64.Build.0 = Release|x64
		{DD662EEB-E1F0-429A-9AAA-DE9511336A71}.Release|x86.ActiveCfg = Release|Win32
		{DD662EEB-E1F0-429A-9AAA-DE9511336A71}.Release|x86.Build.0 = Release|Win32
	EndGlobalSection
	GlobalSection(SolutionProperties) = preSolution
		HideSolutionNode = FALSE
	EndGlobalSection
	GlobalSection(ExtensibilityGlobals) = postSolution
		SolutionGuid = {F11CDBF4-2204-4E8A-A266-4969BB21934E}
	EndGlobalSection
EndGlobal
