
Microsoft Visual Studio Solution File, Format Version 12.00
# Visual Studio 15
VisualStudioVersion = 15.0.28010.2026
MinimumVisualStudioVersion = 10.0.40219.1
Project("{8BC9CEB8-8B4A-11D0-8D11-00A0C91BC942}") = "Reference", "Reference\Reference.vcxproj", "{B22D1FD8-AFD9-4FFB-AD8E-EF11C9317F2B}"
EndProject
Global
	GlobalSection(SolutionConfigurationPlatforms) = preSolution
		Debug|x64 = Debug|x64
		Debug|x86 = Debug|x86
		Release|x64 = Release|x64
		Release|x86 = Release|x86
	EndGlobalSection
	GlobalSection(ProjectConfigurationPlatforms) = postSolution
		{B22D1FD8-AFD9-4FFB-AD8E-EF11C9317F2B}.Debug|x64.ActiveCfg = Debug|x64
		{B22D1FD8-AFD9-4FFB-AD8E-EF11C9317F2B}.Debug|x64.Build.0 = Debug|x64
		{B22D1FD8-AFD9-4FFB-AD8E-EF11C9317F2B}.Debug|x86.ActiveCfg = Debug|Win32
		{B22D1FD8-AFD9-4FFB-AD8E-EF11C9317F2B}.Debug|x86.Build.0 = Debug|Win32
		{B22D1FD8-AFD9-4FFB-AD8E-EF11C9317F2B}.Release|x64.ActiveCfg = Release|x64
		{B22D1FD8-AFD9-4FFB-AD8E-EF11C9317F2B}.Release|x64.Build.0 = Release|x64
		{B22D1FD8-AFD9-4FFB-AD8E-EF11C9317F2B}.Release|x86.ActiveCfg = Release|Win32
		{B22D1FD8-AFD9-4FFB-AD8E-EF11C9317F2B}.Release|x86.Build.0 = Release|Win32
	EndGlobalSection
	GlobalSection(SolutionProperties) = preSolution
		HideSolutionNode = FALSE
	EndGlobalSection
	GlobalSection(ExtensibilityGlobals) = postSolution
		SolutionGuid = {406B0691-79EE-4605-B617-B497C786C8FE}
	EndGlobalSection
EndGlobal
